
Microsoft Visual Studio Solution File, Format Version 12.00
# Visual Studio Version 16
VisualStudioVersion = 16.0.29709.97
MinimumVisualStudioVersion = 10.0.40219.1
Project("{2150E333-8FDC-42A3-9474-1A3956D46DE8}") = "src", "src", "{AB98DADC-C360-4E61-887F-7DA3C916FAD2}"
	ProjectSection(SolutionItems) = preProject
		README.md = README.md
	EndProjectSection
EndProject
Project("{2150E333-8FDC-42A3-9474-1A3956D46DE8}") = "Services", "Services", "{A8EFE6A2-03E0-485F-AF2B-48B2CEEAC574}"
EndProject
Project("{2150E333-8FDC-42A3-9474-1A3956D46DE8}") = "Web", "Web", "{2F8296A4-B52A-443B-BD61-6F7A0413C0EF}"
EndProject
Project("{2150E333-8FDC-42A3-9474-1A3956D46DE8}") = "Libs", "Libs", "{87CE44ED-BA78-4423-89BE-7DBCB9D59DDF}"
EndProject
Project("{2150E333-8FDC-42A3-9474-1A3956D46DE8}") = "MediaInfo", "MediaInfo", "{1E0FD72E-50FE-4D10-BF0E-81A3EC66B6EE}"
	ProjectSection(SolutionItems) = preProject
		README.md = README.md
	EndProjectSection
EndProject
Project("{2150E333-8FDC-42A3-9474-1A3956D46DE8}") = "Downloader", "Downloader", "{4093D781-3F55-4763-B923-1BD8000A7DF7}"
EndProject
Project("{2150E333-8FDC-42A3-9474-1A3956D46DE8}") = "Storage", "Storage", "{9CD70DE2-3448-4091-BD04-542600F66AB6}"
EndProject
Project("{9A19103F-16F7-4668-BE54-9A1E7A4F7556}") = "MediaInfo.API", "src\Services\MediaInfo\MediaInfo.API\MediaInfo.API.csproj", "{43B5C384-D6D1-47F4-B014-63259C342F7A}"
EndProject
Project("{9A19103F-16F7-4668-BE54-9A1E7A4F7556}") = "MediaInfo.Infrastructure", "src\Services\MediaInfo\MediaInfo.Infrastructure\MediaInfo.Infrastructure.csproj", "{E00AD482-8D35-4D6E-8214-578B917E2682}"
EndProject
Project("{9A19103F-16F7-4668-BE54-9A1E7A4F7556}") = "MediaInfo.Domain", "src\Services\MediaInfo\MediaInfo.Domain\MediaInfo.Domain.csproj", "{CAC4D74D-B588-4BAF-9FB7-CEEF15E6CDA9}"
EndProject
Project("{9A19103F-16F7-4668-BE54-9A1E7A4F7556}") = "MediaInfo.UnitTesting", "src\Services\MediaInfo\Tests\MediaInfo.Tests.UnitTesting\MediaInfo.UnitTesting.csproj", "{96FAA25C-0A9E-41E3-8BC6-D9D961898A27}"
EndProject
Project("{2150E333-8FDC-42A3-9474-1A3956D46DE8}") = "Tests", "Tests", "{74A7CADD-909A-4DC5-B3F6-00DD11E8A977}"
EndProject
Project("{9A19103F-16F7-4668-BE54-9A1E7A4F7556}") = "Downloader.Console", "src\Services\Downloader\Downloader.Console\Downloader.Console.csproj", "{1CFAF89B-C672-42D5-930E-5486504B50A4}"
EndProject
Project("{9A19103F-16F7-4668-BE54-9A1E7A4F7556}") = "Downloader.Core", "src\Services\Downloader\Downloader.Core\Downloader.Core.csproj", "{4922FBE0-86F5-42B7-B2A6-7DC311BB0EC8}"
EndProject
Project("{9A19103F-16F7-4668-BE54-9A1E7A4F7556}") = "Storage.API", "src\Services\Storage\Storage.API\Storage.API.csproj", "{D1718F26-00EF-4028-8EE5-30AE2AC1E1F4}"
EndProject
Project("{9A19103F-16F7-4668-BE54-9A1E7A4F7556}") = "Storage.Domain", "src\Services\Storage\Storage.Domain\Storage.Domain.csproj", "{CDB5AE23-D442-44DF-93E2-9B539AEC324F}"
EndProject
Project("{9A19103F-16F7-4668-BE54-9A1E7A4F7556}") = "Storage.Infrastructure", "src\Services\Storage\Storage.Infrastructure\Storage.Infrastructure.csproj", "{AEF39310-B13F-4E7B-A634-BB1AA33A76F9}"
EndProject
Project("{2150E333-8FDC-42A3-9474-1A3956D46DE8}") = "Tests", "Tests", "{F4F6F01A-46D1-4B79-9CA7-F593D61B48C1}"
EndProject
Project("{9A19103F-16F7-4668-BE54-9A1E7A4F7556}") = "Storage.UnitTesting", "src\Services\Storage\Tests\Storage.UnitTesting\Storage.UnitTesting.csproj", "{E75CBD65-03C7-4B36-AC98-84E18345081E}"
EndProject
Project("{9A19103F-16F7-4668-BE54-9A1E7A4F7556}") = "Storage.IntegrationTesting", "src\Services\Storage\Tests\Storage.IntegrationTesting\Storage.IntegrationTesting.csproj", "{89E6A195-EA5C-4B1D-AF1B-3A536A130D8F}"
EndProject
Project("{9A19103F-16F7-4668-BE54-9A1E7A4F7556}") = "MediaInfo.IntegrationTesting", "src\Services\MediaInfo\Tests\MediaInfo.IntegrationTesting\MediaInfo.IntegrationTesting.csproj", "{31E4F2B3-F96C-42FF-8469-AF054D72BD42}"
EndProject
Project("{2150E333-8FDC-42A3-9474-1A3956D46DE8}") = "MediaViewer", "MediaViewer", "{68DD12D2-61DC-4297-8C18-6BEC99D34229}"
EndProject
Project("{9A19103F-16F7-4668-BE54-9A1E7A4F7556}") = "MediaViewer.Web", "src\Web\MediaViewer\MediaViewer.Web\MediaViewer.Web.csproj", "{98180045-5DF4-4770-B6AA-0CEFA1CA8E9C}"
EndProject
Project("{2150E333-8FDC-42A3-9474-1A3956D46DE8}") = "Discord", "Discord", "{A3DB27A5-E89B-4D8A-A4D7-3F79E1B608F3}"
EndProject
Project("{2150E333-8FDC-42A3-9474-1A3956D46DE8}") = "Converter", "Converter", "{0D58B964-0AA6-4E65-B686-14DA79D34588}"
EndProject
Project("{9A19103F-16F7-4668-BE54-9A1E7A4F7556}") = "Converter.API", "src\Services\Converter\Converter.API\Converter.API.csproj", "{83DA3601-B1BA-40BC-B7EC-1166560CD592}"
EndProject
Project("{9A19103F-16F7-4668-BE54-9A1E7A4F7556}") = "Discord.API", "src\Services\Discord\Discord.API\Discord.API.csproj", "{CF1B8A63-EDDE-493E-93F1-944F7C8EE29B}"
EndProject
Project("{2150E333-8FDC-42A3-9474-1A3956D46DE8}") = "Tests", "Tests", "{2620A823-A602-49A6-87D1-E2538CF4E267}"
EndProject
Project("{9A19103F-16F7-4668-BE54-9A1E7A4F7556}") = "Coverter.IntegrationTesting", "src\Services\Converter\Tests\Coverter.IntegrationTesting\Coverter.IntegrationTesting.csproj", "{AC7443C6-F50A-4A3E-80B1-34E9A3A25E8F}"
EndProject
Project("{2150E333-8FDC-42A3-9474-1A3956D46DE8}") = "Tests", "Tests", "{A80D84F6-DBF3-4F74-8EB4-F588A88DBDFB}"
EndProject
Project("{9A19103F-16F7-4668-BE54-9A1E7A4F7556}") = "Discord.IntegrationTesting", "src\Services\Discord\Tests\Discord.IntegrationTesting\Discord.IntegrationTesting.csproj", "{DF00EF27-94D9-4B10-BD1D-3874CA1E0049}"
EndProject
Project("{9A19103F-16F7-4668-BE54-9A1E7A4F7556}") = "JJ.HostedService", "src\Libs\JJ.HostedService\JJ.HostedService.csproj", "{2FBA63B3-193A-4B73-A6A7-5C993DC2F136}"
EndProject
Project("{9A19103F-16F7-4668-BE54-9A1E7A4F7556}") = "JJ.Framework", "src\Libs\JJ.Framework\JJ.Framework.csproj", "{36527C6B-E85A-47E0-80DB-4488E2DEB8E2}"
EndProject
Project("{9A19103F-16F7-4668-BE54-9A1E7A4F7556}") = "MediaInfo.API.Client", "src\Services\MediaInfo\MediaInfo.API.Client\MediaInfo.API.Client.csproj", "{02AEBF12-587B-4428-A7E8-DE9051693B93}"
EndProject
Project("{9A19103F-16F7-4668-BE54-9A1E7A4F7556}") = "Storage.API.Client", "src\Services\Storage\Storage.API.Client\Storage.API.Client.csproj", "{9103C986-E2AC-4497-85A4-20458816778E}"
EndProject
Project("{9A19103F-16F7-4668-BE54-9A1E7A4F7556}") = "Discord.API.Client", "src\Services\Discord\Discord.API.Client\Discord.API.Client.csproj", "{27F39F13-A90B-4955-86A6-2CA326AF36B8}"
EndProject
Project("{9A19103F-16F7-4668-BE54-9A1E7A4F7556}") = "Converter.API.Client", "src\Services\Converter\Converter.API.Client\Converter.API.Client.csproj", "{671E975D-9081-484A-B02A-0062CBCE9EEA}"
EndProject
Project("{2150E333-8FDC-42A3-9474-1A3956D46DE8}") = "Scripts", "Scripts", "{5C1CF5DA-CC5B-4F6A-8FC1-5531E38ABAB6}"
EndProject
Project("{F2A71F9B-5D33-465A-A702-920D77279786}") = "Storage.RegisterDirectory", "src\Scripts\Storage.RegisterDirectory\Storage.RegisterDirectory.fsproj", "{B8F926A5-C492-4CCB-A52F-93721CAF78FC}"
EndProject
Global
	GlobalSection(SolutionConfigurationPlatforms) = preSolution
		Debug|Any CPU = Debug|Any CPU
		Release|Any CPU = Release|Any CPU
	EndGlobalSection
	GlobalSection(ProjectConfigurationPlatforms) = postSolution
		{43B5C384-D6D1-47F4-B014-63259C342F7A}.Debug|Any CPU.ActiveCfg = Debug|Any CPU
		{43B5C384-D6D1-47F4-B014-63259C342F7A}.Debug|Any CPU.Build.0 = Debug|Any CPU
		{43B5C384-D6D1-47F4-B014-63259C342F7A}.Release|Any CPU.ActiveCfg = Release|Any CPU
		{43B5C384-D6D1-47F4-B014-63259C342F7A}.Release|Any CPU.Build.0 = Release|Any CPU
		{E00AD482-8D35-4D6E-8214-578B917E2682}.Debug|Any CPU.ActiveCfg = Debug|Any CPU
		{E00AD482-8D35-4D6E-8214-578B917E2682}.Debug|Any CPU.Build.0 = Debug|Any CPU
		{E00AD482-8D35-4D6E-8214-578B917E2682}.Release|Any CPU.ActiveCfg = Release|Any CPU
		{E00AD482-8D35-4D6E-8214-578B917E2682}.Release|Any CPU.Build.0 = Release|Any CPU
		{CAC4D74D-B588-4BAF-9FB7-CEEF15E6CDA9}.Debug|Any CPU.ActiveCfg = Debug|Any CPU
		{CAC4D74D-B588-4BAF-9FB7-CEEF15E6CDA9}.Debug|Any CPU.Build.0 = Debug|Any CPU
		{CAC4D74D-B588-4BAF-9FB7-CEEF15E6CDA9}.Release|Any CPU.ActiveCfg = Release|Any CPU
		{CAC4D74D-B588-4BAF-9FB7-CEEF15E6CDA9}.Release|Any CPU.Build.0 = Release|Any CPU
		{96FAA25C-0A9E-41E3-8BC6-D9D961898A27}.Debug|Any CPU.ActiveCfg = Debug|Any CPU
		{96FAA25C-0A9E-41E3-8BC6-D9D961898A27}.Debug|Any CPU.Build.0 = Debug|Any CPU
		{96FAA25C-0A9E-41E3-8BC6-D9D961898A27}.Release|Any CPU.ActiveCfg = Release|Any CPU
		{96FAA25C-0A9E-41E3-8BC6-D9D961898A27}.Release|Any CPU.Build.0 = Release|Any CPU
		{1CFAF89B-C672-42D5-930E-5486504B50A4}.Debug|Any CPU.ActiveCfg = Debug|Any CPU
		{1CFAF89B-C672-42D5-930E-5486504B50A4}.Debug|Any CPU.Build.0 = Debug|Any CPU
		{1CFAF89B-C672-42D5-930E-5486504B50A4}.Release|Any CPU.ActiveCfg = Release|Any CPU
		{1CFAF89B-C672-42D5-930E-5486504B50A4}.Release|Any CPU.Build.0 = Release|Any CPU
		{4922FBE0-86F5-42B7-B2A6-7DC311BB0EC8}.Debug|Any CPU.ActiveCfg = Debug|Any CPU
		{4922FBE0-86F5-42B7-B2A6-7DC311BB0EC8}.Debug|Any CPU.Build.0 = Debug|Any CPU
		{4922FBE0-86F5-42B7-B2A6-7DC311BB0EC8}.Release|Any CPU.ActiveCfg = Release|Any CPU
		{4922FBE0-86F5-42B7-B2A6-7DC311BB0EC8}.Release|Any CPU.Build.0 = Release|Any CPU
		{D1718F26-00EF-4028-8EE5-30AE2AC1E1F4}.Debug|Any CPU.ActiveCfg = Debug|Any CPU
		{D1718F26-00EF-4028-8EE5-30AE2AC1E1F4}.Debug|Any CPU.Build.0 = Debug|Any CPU
		{D1718F26-00EF-4028-8EE5-30AE2AC1E1F4}.Release|Any CPU.ActiveCfg = Release|Any CPU
		{D1718F26-00EF-4028-8EE5-30AE2AC1E1F4}.Release|Any CPU.Build.0 = Release|Any CPU
		{CDB5AE23-D442-44DF-93E2-9B539AEC324F}.Debug|Any CPU.ActiveCfg = Debug|Any CPU
		{CDB5AE23-D442-44DF-93E2-9B539AEC324F}.Debug|Any CPU.Build.0 = Debug|Any CPU
		{CDB5AE23-D442-44DF-93E2-9B539AEC324F}.Release|Any CPU.ActiveCfg = Release|Any CPU
		{CDB5AE23-D442-44DF-93E2-9B539AEC324F}.Release|Any CPU.Build.0 = Release|Any CPU
		{AEF39310-B13F-4E7B-A634-BB1AA33A76F9}.Debug|Any CPU.ActiveCfg = Debug|Any CPU
		{AEF39310-B13F-4E7B-A634-BB1AA33A76F9}.Debug|Any CPU.Build.0 = Debug|Any CPU
		{AEF39310-B13F-4E7B-A634-BB1AA33A76F9}.Release|Any CPU.ActiveCfg = Release|Any CPU
		{AEF39310-B13F-4E7B-A634-BB1AA33A76F9}.Release|Any CPU.Build.0 = Release|Any CPU
		{E75CBD65-03C7-4B36-AC98-84E18345081E}.Debug|Any CPU.ActiveCfg = Debug|Any CPU
		{E75CBD65-03C7-4B36-AC98-84E18345081E}.Debug|Any CPU.Build.0 = Debug|Any CPU
		{E75CBD65-03C7-4B36-AC98-84E18345081E}.Release|Any CPU.ActiveCfg = Release|Any CPU
		{E75CBD65-03C7-4B36-AC98-84E18345081E}.Release|Any CPU.Build.0 = Release|Any CPU
		{89E6A195-EA5C-4B1D-AF1B-3A536A130D8F}.Debug|Any CPU.ActiveCfg = Debug|Any CPU
		{89E6A195-EA5C-4B1D-AF1B-3A536A130D8F}.Debug|Any CPU.Build.0 = Debug|Any CPU
		{89E6A195-EA5C-4B1D-AF1B-3A536A130D8F}.Release|Any CPU.ActiveCfg = Release|Any CPU
		{89E6A195-EA5C-4B1D-AF1B-3A536A130D8F}.Release|Any CPU.Build.0 = Release|Any CPU
		{31E4F2B3-F96C-42FF-8469-AF054D72BD42}.Debug|Any CPU.ActiveCfg = Debug|Any CPU
		{31E4F2B3-F96C-42FF-8469-AF054D72BD42}.Debug|Any CPU.Build.0 = Debug|Any CPU
		{31E4F2B3-F96C-42FF-8469-AF054D72BD42}.Release|Any CPU.ActiveCfg = Release|Any CPU
		{31E4F2B3-F96C-42FF-8469-AF054D72BD42}.Release|Any CPU.Build.0 = Release|Any CPU
		{98180045-5DF4-4770-B6AA-0CEFA1CA8E9C}.Debug|Any CPU.ActiveCfg = Debug|Any CPU
		{98180045-5DF4-4770-B6AA-0CEFA1CA8E9C}.Debug|Any CPU.Build.0 = Debug|Any CPU
		{98180045-5DF4-4770-B6AA-0CEFA1CA8E9C}.Release|Any CPU.ActiveCfg = Release|Any CPU
		{98180045-5DF4-4770-B6AA-0CEFA1CA8E9C}.Release|Any CPU.Build.0 = Release|Any CPU
		{83DA3601-B1BA-40BC-B7EC-1166560CD592}.Debug|Any CPU.ActiveCfg = Debug|Any CPU
		{83DA3601-B1BA-40BC-B7EC-1166560CD592}.Debug|Any CPU.Build.0 = Debug|Any CPU
		{83DA3601-B1BA-40BC-B7EC-1166560CD592}.Release|Any CPU.ActiveCfg = Release|Any CPU
		{83DA3601-B1BA-40BC-B7EC-1166560CD592}.Release|Any CPU.Build.0 = Release|Any CPU
		{CF1B8A63-EDDE-493E-93F1-944F7C8EE29B}.Debug|Any CPU.ActiveCfg = Debug|Any CPU
		{CF1B8A63-EDDE-493E-93F1-944F7C8EE29B}.Debug|Any CPU.Build.0 = Debug|Any CPU
		{CF1B8A63-EDDE-493E-93F1-944F7C8EE29B}.Release|Any CPU.ActiveCfg = Release|Any CPU
		{CF1B8A63-EDDE-493E-93F1-944F7C8EE29B}.Release|Any CPU.Build.0 = Release|Any CPU
		{AC7443C6-F50A-4A3E-80B1-34E9A3A25E8F}.Debug|Any CPU.ActiveCfg = Debug|Any CPU
		{AC7443C6-F50A-4A3E-80B1-34E9A3A25E8F}.Debug|Any CPU.Build.0 = Debug|Any CPU
		{AC7443C6-F50A-4A3E-80B1-34E9A3A25E8F}.Release|Any CPU.ActiveCfg = Release|Any CPU
		{AC7443C6-F50A-4A3E-80B1-34E9A3A25E8F}.Release|Any CPU.Build.0 = Release|Any CPU
		{DF00EF27-94D9-4B10-BD1D-3874CA1E0049}.Debug|Any CPU.ActiveCfg = Debug|Any CPU
		{DF00EF27-94D9-4B10-BD1D-3874CA1E0049}.Debug|Any CPU.Build.0 = Debug|Any CPU
		{DF00EF27-94D9-4B10-BD1D-3874CA1E0049}.Release|Any CPU.ActiveCfg = Release|Any CPU
		{DF00EF27-94D9-4B10-BD1D-3874CA1E0049}.Release|Any CPU.Build.0 = Release|Any CPU
		{2FBA63B3-193A-4B73-A6A7-5C993DC2F136}.Debug|Any CPU.ActiveCfg = Debug|Any CPU
		{2FBA63B3-193A-4B73-A6A7-5C993DC2F136}.Debug|Any CPU.Build.0 = Debug|Any CPU
		{2FBA63B3-193A-4B73-A6A7-5C993DC2F136}.Release|Any CPU.ActiveCfg = Release|Any CPU
		{2FBA63B3-193A-4B73-A6A7-5C993DC2F136}.Release|Any CPU.Build.0 = Release|Any CPU
		{36527C6B-E85A-47E0-80DB-4488E2DEB8E2}.Debug|Any CPU.ActiveCfg = Debug|Any CPU
		{36527C6B-E85A-47E0-80DB-4488E2DEB8E2}.Debug|Any CPU.Build.0 = Debug|Any CPU
		{36527C6B-E85A-47E0-80DB-4488E2DEB8E2}.Release|Any CPU.ActiveCfg = Release|Any CPU
		{36527C6B-E85A-47E0-80DB-4488E2DEB8E2}.Release|Any CPU.Build.0 = Release|Any CPU
		{02AEBF12-587B-4428-A7E8-DE9051693B93}.Debug|Any CPU.ActiveCfg = Debug|Any CPU
		{02AEBF12-587B-4428-A7E8-DE9051693B93}.Debug|Any CPU.Build.0 = Debug|Any CPU
		{02AEBF12-587B-4428-A7E8-DE9051693B93}.Release|Any CPU.ActiveCfg = Release|Any CPU
		{02AEBF12-587B-4428-A7E8-DE9051693B93}.Release|Any CPU.Build.0 = Release|Any CPU
		{9103C986-E2AC-4497-85A4-20458816778E}.Debug|Any CPU.ActiveCfg = Debug|Any CPU
		{9103C986-E2AC-4497-85A4-20458816778E}.Debug|Any CPU.Build.0 = Debug|Any CPU
		{9103C986-E2AC-4497-85A4-20458816778E}.Release|Any CPU.ActiveCfg = Release|Any CPU
		{9103C986-E2AC-4497-85A4-20458816778E}.Release|Any CPU.Build.0 = Release|Any CPU
		{27F39F13-A90B-4955-86A6-2CA326AF36B8}.Debug|Any CPU.ActiveCfg = Debug|Any CPU
		{27F39F13-A90B-4955-86A6-2CA326AF36B8}.Debug|Any CPU.Build.0 = Debug|Any CPU
		{27F39F13-A90B-4955-86A6-2CA326AF36B8}.Release|Any CPU.ActiveCfg = Release|Any CPU
		{27F39F13-A90B-4955-86A6-2CA326AF36B8}.Release|Any CPU.Build.0 = Release|Any CPU
		{671E975D-9081-484A-B02A-0062CBCE9EEA}.Debug|Any CPU.ActiveCfg = Debug|Any CPU
		{671E975D-9081-484A-B02A-0062CBCE9EEA}.Debug|Any CPU.Build.0 = Debug|Any CPU
		{671E975D-9081-484A-B02A-0062CBCE9EEA}.Release|Any CPU.ActiveCfg = Release|Any CPU
		{671E975D-9081-484A-B02A-0062CBCE9EEA}.Release|Any CPU.Build.0 = Release|Any CPU
		{B8F926A5-C492-4CCB-A52F-93721CAF78FC}.Debug|Any CPU.ActiveCfg = Debug|Any CPU
		{B8F926A5-C492-4CCB-A52F-93721CAF78FC}.Debug|Any CPU.Build.0 = Debug|Any CPU
		{B8F926A5-C492-4CCB-A52F-93721CAF78FC}.Release|Any CPU.ActiveCfg = Release|Any CPU
		{B8F926A5-C492-4CCB-A52F-93721CAF78FC}.Release|Any CPU.Build.0 = Release|Any CPU
	EndGlobalSection
	GlobalSection(SolutionProperties) = preSolution
		HideSolutionNode = FALSE
	EndGlobalSection
	GlobalSection(NestedProjects) = preSolution
		{A8EFE6A2-03E0-485F-AF2B-48B2CEEAC574} = {AB98DADC-C360-4E61-887F-7DA3C916FAD2}
		{2F8296A4-B52A-443B-BD61-6F7A0413C0EF} = {AB98DADC-C360-4E61-887F-7DA3C916FAD2}
		{87CE44ED-BA78-4423-89BE-7DBCB9D59DDF} = {AB98DADC-C360-4E61-887F-7DA3C916FAD2}
		{1E0FD72E-50FE-4D10-BF0E-81A3EC66B6EE} = {A8EFE6A2-03E0-485F-AF2B-48B2CEEAC574}
		{4093D781-3F55-4763-B923-1BD8000A7DF7} = {A8EFE6A2-03E0-485F-AF2B-48B2CEEAC574}
		{9CD70DE2-3448-4091-BD04-542600F66AB6} = {A8EFE6A2-03E0-485F-AF2B-48B2CEEAC574}
		{43B5C384-D6D1-47F4-B014-63259C342F7A} = {1E0FD72E-50FE-4D10-BF0E-81A3EC66B6EE}
		{E00AD482-8D35-4D6E-8214-578B917E2682} = {1E0FD72E-50FE-4D10-BF0E-81A3EC66B6EE}
		{CAC4D74D-B588-4BAF-9FB7-CEEF15E6CDA9} = {1E0FD72E-50FE-4D10-BF0E-81A3EC66B6EE}
		{96FAA25C-0A9E-41E3-8BC6-D9D961898A27} = {74A7CADD-909A-4DC5-B3F6-00DD11E8A977}
		{74A7CADD-909A-4DC5-B3F6-00DD11E8A977} = {1E0FD72E-50FE-4D10-BF0E-81A3EC66B6EE}
		{1CFAF89B-C672-42D5-930E-5486504B50A4} = {4093D781-3F55-4763-B923-1BD8000A7DF7}
		{4922FBE0-86F5-42B7-B2A6-7DC311BB0EC8} = {4093D781-3F55-4763-B923-1BD8000A7DF7}
		{D1718F26-00EF-4028-8EE5-30AE2AC1E1F4} = {9CD70DE2-3448-4091-BD04-542600F66AB6}
		{CDB5AE23-D442-44DF-93E2-9B539AEC324F} = {9CD70DE2-3448-4091-BD04-542600F66AB6}
		{AEF39310-B13F-4E7B-A634-BB1AA33A76F9} = {9CD70DE2-3448-4091-BD04-542600F66AB6}
		{F4F6F01A-46D1-4B79-9CA7-F593D61B48C1} = {9CD70DE2-3448-4091-BD04-542600F66AB6}
		{E75CBD65-03C7-4B36-AC98-84E18345081E} = {F4F6F01A-46D1-4B79-9CA7-F593D61B48C1}
		{89E6A195-EA5C-4B1D-AF1B-3A536A130D8F} = {F4F6F01A-46D1-4B79-9CA7-F593D61B48C1}
		{31E4F2B3-F96C-42FF-8469-AF054D72BD42} = {74A7CADD-909A-4DC5-B3F6-00DD11E8A977}
		{68DD12D2-61DC-4297-8C18-6BEC99D34229} = {2F8296A4-B52A-443B-BD61-6F7A0413C0EF}
		{98180045-5DF4-4770-B6AA-0CEFA1CA8E9C} = {68DD12D2-61DC-4297-8C18-6BEC99D34229}
		{A3DB27A5-E89B-4D8A-A4D7-3F79E1B608F3} = {A8EFE6A2-03E0-485F-AF2B-48B2CEEAC574}
		{0D58B964-0AA6-4E65-B686-14DA79D34588} = {A8EFE6A2-03E0-485F-AF2B-48B2CEEAC574}
		{83DA3601-B1BA-40BC-B7EC-1166560CD592} = {0D58B964-0AA6-4E65-B686-14DA79D34588}
		{CF1B8A63-EDDE-493E-93F1-944F7C8EE29B} = {A3DB27A5-E89B-4D8A-A4D7-3F79E1B608F3}
		{2620A823-A602-49A6-87D1-E2538CF4E267} = {0D58B964-0AA6-4E65-B686-14DA79D34588}
		{AC7443C6-F50A-4A3E-80B1-34E9A3A25E8F} = {2620A823-A602-49A6-87D1-E2538CF4E267}
		{A80D84F6-DBF3-4F74-8EB4-F588A88DBDFB} = {A3DB27A5-E89B-4D8A-A4D7-3F79E1B608F3}
		{DF00EF27-94D9-4B10-BD1D-3874CA1E0049} = {A80D84F6-DBF3-4F74-8EB4-F588A88DBDFB}
		{2FBA63B3-193A-4B73-A6A7-5C993DC2F136} = {87CE44ED-BA78-4423-89BE-7DBCB9D59DDF}
		{36527C6B-E85A-47E0-80DB-4488E2DEB8E2} = {87CE44ED-BA78-4423-89BE-7DBCB9D59DDF}
		{02AEBF12-587B-4428-A7E8-DE9051693B93} = {1E0FD72E-50FE-4D10-BF0E-81A3EC66B6EE}
		{9103C986-E2AC-4497-85A4-20458816778E} = {9CD70DE2-3448-4091-BD04-542600F66AB6}
		{27F39F13-A90B-4955-86A6-2CA326AF36B8} = {A3DB27A5-E89B-4D8A-A4D7-3F79E1B608F3}
		{671E975D-9081-484A-B02A-0062CBCE9EEA} = {0D58B964-0AA6-4E65-B686-14DA79D34588}
		{5C1CF5DA-CC5B-4F6A-8FC1-5531E38ABAB6} = {AB98DADC-C360-4E61-887F-7DA3C916FAD2}
		{B8F926A5-C492-4CCB-A52F-93721CAF78FC} = {5C1CF5DA-CC5B-4F6A-8FC1-5531E38ABAB6}
	EndGlobalSection
	GlobalSection(ExtensibilityGlobals) = postSolution
		SolutionGuid = {BDAC7526-4F78-49C0-BF45-FBFFFCF36B72}
	EndGlobalSection
EndGlobal
