
Microsoft Visual Studio Solution File, Format Version 12.00
# Visual Studio Version 16
VisualStudioVersion = 16.0.29709.97
MinimumVisualStudioVersion = 10.0.40219.1
Project("{2150E333-8FDC-42A3-9474-1A3956D46DE8}") = "src", "src", "{AB98DADC-C360-4E61-887F-7DA3C916FAD2}"
EndProject
Project("{2150E333-8FDC-42A3-9474-1A3956D46DE8}") = "Workers", "Workers", "{A8EFE6A2-03E0-485F-AF2B-48B2CEEAC574}"
EndProject
Project("{2150E333-8FDC-42A3-9474-1A3956D46DE8}") = "Sites", "Sites", "{2F8296A4-B52A-443B-BD61-6F7A0413C0EF}"
EndProject
Project("{2150E333-8FDC-42A3-9474-1A3956D46DE8}") = "Libraries", "Libraries", "{87CE44ED-BA78-4423-89BE-7DBCB9D59DDF}"
EndProject
Global
	GlobalSection(SolutionProperties) = preSolution
		HideSolutionNode = FALSE
	EndGlobalSection
	GlobalSection(NestedProjects) = preSolution
		{A8EFE6A2-03E0-485F-AF2B-48B2CEEAC574} = {AB98DADC-C360-4E61-887F-7DA3C916FAD2}
		{2F8296A4-B52A-443B-BD61-6F7A0413C0EF} = {AB98DADC-C360-4E61-887F-7DA3C916FAD2}
		{87CE44ED-BA78-4423-89BE-7DBCB9D59DDF} = {AB98DADC-C360-4E61-887F-7DA3C916FAD2}
	EndGlobalSection
	GlobalSection(ExtensibilityGlobals) = postSolution
		SolutionGuid = {BDAC7526-4F78-49C0-BF45-FBFFFCF36B72}
	EndGlobalSection
EndGlobal
