
Microsoft Visual Studio Solution File, Format Version 12.00
# Visual Studio Version 16
VisualStudioVersion = 16.0.29709.97
MinimumVisualStudioVersion = 10.0.40219.1
Project("{2150E333-8FDC-42A3-9474-1A3956D46DE8}") = "src", "src", "{AB98DADC-C360-4E61-887F-7DA3C916FAD2}"
	ProjectSection(SolutionItems) = preProject
		README.md = README.md
	EndProjectSection
EndProject
Project("{2150E333-8FDC-42A3-9474-1A3956D46DE8}") = "Services", "Services", "{A8EFE6A2-03E0-485F-AF2B-48B2CEEAC574}"
EndProject
Project("{2150E333-8FDC-42A3-9474-1A3956D46DE8}") = "Web", "Web", "{2F8296A4-B52A-443B-BD61-6F7A0413C0EF}"
EndProject
Project("{2150E333-8FDC-42A3-9474-1A3956D46DE8}") = "Libs", "Libs", "{87CE44ED-BA78-4423-89BE-7DBCB9D59DDF}"
EndProject
Project("{2150E333-8FDC-42A3-9474-1A3956D46DE8}") = "MediaInfo", "MediaInfo", "{1E0FD72E-50FE-4D10-BF0E-81A3EC66B6EE}"
	ProjectSection(SolutionItems) = preProject
		README.md = README.md
	EndProjectSection
EndProject
Project("{2150E333-8FDC-42A3-9474-1A3956D46DE8}") = "Downloader", "Downloader", "{4093D781-3F55-4763-B923-1BD8000A7DF7}"
EndProject
Project("{2150E333-8FDC-42A3-9474-1A3956D46DE8}") = "Storage", "Storage", "{9CD70DE2-3448-4091-BD04-542600F66AB6}"
EndProject
Project("{9A19103F-16F7-4668-BE54-9A1E7A4F7556}") = "MediaInfo.API", "src\Services\MediaInfo\MediaInfo.API\MediaInfo.API.csproj", "{43B5C384-D6D1-47F4-B014-63259C342F7A}"
EndProject
Project("{9A19103F-16F7-4668-BE54-9A1E7A4F7556}") = "MediaInfo.Infrastructure", "src\Services\MediaInfo\MediaInfo.Infrastructure\MediaInfo.Infrastructure.csproj", "{E00AD482-8D35-4D6E-8214-578B917E2682}"
EndProject
Project("{9A19103F-16F7-4668-BE54-9A1E7A4F7556}") = "MediaInfo.Domain", "src\Services\MediaInfo\MediaInfo.Domain\MediaInfo.Domain.csproj", "{CAC4D74D-B588-4BAF-9FB7-CEEF15E6CDA9}"
EndProject
Project("{9A19103F-16F7-4668-BE54-9A1E7A4F7556}") = "MediaInfo.UnitTesting", "src\Services\MediaInfo\Tests\MediaInfo.Tests.UnitTesting\MediaInfo.UnitTesting.csproj", "{96FAA25C-0A9E-41E3-8BC6-D9D961898A27}"
EndProject
Project("{9A19103F-16F7-4668-BE54-9A1E7A4F7556}") = "JJ.Media.Core", "src\Libs\JJ.Media.Core\JJ.Media.Core.csproj", "{E1911624-D4B8-4F77-9D77-56C3B93197B1}"
EndProject
Project("{2150E333-8FDC-42A3-9474-1A3956D46DE8}") = "Tests", "Tests", "{74A7CADD-909A-4DC5-B3F6-00DD11E8A977}"
EndProject
Project("{9A19103F-16F7-4668-BE54-9A1E7A4F7556}") = "Downloader.Console", "src\Services\Downloader\Downloader.Console\Downloader.Console.csproj", "{1CFAF89B-C672-42D5-930E-5486504B50A4}"
EndProject
Project("{9A19103F-16F7-4668-BE54-9A1E7A4F7556}") = "Downloader.Core", "src\Services\Downloader\Downloader.Core\Downloader.Core.csproj", "{4922FBE0-86F5-42B7-B2A6-7DC311BB0EC8}"
EndProject
Project("{9A19103F-16F7-4668-BE54-9A1E7A4F7556}") = "Storage.API", "src\Services\Storage\Storage.API\Storage.API.csproj", "{D1718F26-00EF-4028-8EE5-30AE2AC1E1F4}"
EndProject
Project("{9A19103F-16F7-4668-BE54-9A1E7A4F7556}") = "Storage.Domain", "src\Services\Storage\Storage.Domain\Storage.Domain.csproj", "{CDB5AE23-D442-44DF-93E2-9B539AEC324F}"
EndProject
Project("{9A19103F-16F7-4668-BE54-9A1E7A4F7556}") = "Storage.Infrastructure", "src\Services\Storage\Storage.Infrastructure\Storage.Infrastructure.csproj", "{AEF39310-B13F-4E7B-A634-BB1AA33A76F9}"
EndProject
Project("{2150E333-8FDC-42A3-9474-1A3956D46DE8}") = "Tests", "Tests", "{F4F6F01A-46D1-4B79-9CA7-F593D61B48C1}"
EndProject
Project("{9A19103F-16F7-4668-BE54-9A1E7A4F7556}") = "Storage.UnitTesting", "src\Services\Storage\Tests\Storage.UnitTesting\Storage.UnitTesting.csproj", "{E75CBD65-03C7-4B36-AC98-84E18345081E}"
EndProject
Project("{9A19103F-16F7-4668-BE54-9A1E7A4F7556}") = "Storage.IntegrationTesting", "src\Services\Storage\Tests\Storage.IntegrationTesting\Storage.IntegrationTesting.csproj", "{89E6A195-EA5C-4B1D-AF1B-3A536A130D8F}"
EndProject
Project("{FAE04EC0-301F-11D3-BF4B-00C04F79EFBC}") = "MediaInfo.IntegrationTesting", "src\Services\MediaInfo\Tests\MediaInfo.IntegrationTesting\MediaInfo.IntegrationTesting.csproj", "{31E4F2B3-F96C-42FF-8469-AF054D72BD42}"
EndProject
Global
	GlobalSection(SolutionConfigurationPlatforms) = preSolution
		Debug|Any CPU = Debug|Any CPU
		Release|Any CPU = Release|Any CPU
	EndGlobalSection
	GlobalSection(ProjectConfigurationPlatforms) = postSolution
		{43B5C384-D6D1-47F4-B014-63259C342F7A}.Debug|Any CPU.ActiveCfg = Debug|Any CPU
		{43B5C384-D6D1-47F4-B014-63259C342F7A}.Debug|Any CPU.Build.0 = Debug|Any CPU
		{43B5C384-D6D1-47F4-B014-63259C342F7A}.Release|Any CPU.ActiveCfg = Release|Any CPU
		{43B5C384-D6D1-47F4-B014-63259C342F7A}.Release|Any CPU.Build.0 = Release|Any CPU
		{E00AD482-8D35-4D6E-8214-578B917E2682}.Debug|Any CPU.ActiveCfg = Debug|Any CPU
		{E00AD482-8D35-4D6E-8214-578B917E2682}.Debug|Any CPU.Build.0 = Debug|Any CPU
		{E00AD482-8D35-4D6E-8214-578B917E2682}.Release|Any CPU.ActiveCfg = Release|Any CPU
		{E00AD482-8D35-4D6E-8214-578B917E2682}.Release|Any CPU.Build.0 = Release|Any CPU
		{CAC4D74D-B588-4BAF-9FB7-CEEF15E6CDA9}.Debug|Any CPU.ActiveCfg = Debug|Any CPU
		{CAC4D74D-B588-4BAF-9FB7-CEEF15E6CDA9}.Debug|Any CPU.Build.0 = Debug|Any CPU
		{CAC4D74D-B588-4BAF-9FB7-CEEF15E6CDA9}.Release|Any CPU.ActiveCfg = Release|Any CPU
		{CAC4D74D-B588-4BAF-9FB7-CEEF15E6CDA9}.Release|Any CPU.Build.0 = Release|Any CPU
		{96FAA25C-0A9E-41E3-8BC6-D9D961898A27}.Debug|Any CPU.ActiveCfg = Debug|Any CPU
		{96FAA25C-0A9E-41E3-8BC6-D9D961898A27}.Debug|Any CPU.Build.0 = Debug|Any CPU
		{96FAA25C-0A9E-41E3-8BC6-D9D961898A27}.Release|Any CPU.ActiveCfg = Release|Any CPU
		{96FAA25C-0A9E-41E3-8BC6-D9D961898A27}.Release|Any CPU.Build.0 = Release|Any CPU
		{E1911624-D4B8-4F77-9D77-56C3B93197B1}.Debug|Any CPU.ActiveCfg = Debug|Any CPU
		{E1911624-D4B8-4F77-9D77-56C3B93197B1}.Debug|Any CPU.Build.0 = Debug|Any CPU
		{E1911624-D4B8-4F77-9D77-56C3B93197B1}.Release|Any CPU.ActiveCfg = Release|Any CPU
		{E1911624-D4B8-4F77-9D77-56C3B93197B1}.Release|Any CPU.Build.0 = Release|Any CPU
		{1CFAF89B-C672-42D5-930E-5486504B50A4}.Debug|Any CPU.ActiveCfg = Debug|Any CPU
		{1CFAF89B-C672-42D5-930E-5486504B50A4}.Debug|Any CPU.Build.0 = Debug|Any CPU
		{1CFAF89B-C672-42D5-930E-5486504B50A4}.Release|Any CPU.ActiveCfg = Release|Any CPU
		{1CFAF89B-C672-42D5-930E-5486504B50A4}.Release|Any CPU.Build.0 = Release|Any CPU
		{4922FBE0-86F5-42B7-B2A6-7DC311BB0EC8}.Debug|Any CPU.ActiveCfg = Debug|Any CPU
		{4922FBE0-86F5-42B7-B2A6-7DC311BB0EC8}.Debug|Any CPU.Build.0 = Debug|Any CPU
		{4922FBE0-86F5-42B7-B2A6-7DC311BB0EC8}.Release|Any CPU.ActiveCfg = Release|Any CPU
		{4922FBE0-86F5-42B7-B2A6-7DC311BB0EC8}.Release|Any CPU.Build.0 = Release|Any CPU
		{D1718F26-00EF-4028-8EE5-30AE2AC1E1F4}.Debug|Any CPU.ActiveCfg = Debug|Any CPU
		{D1718F26-00EF-4028-8EE5-30AE2AC1E1F4}.Debug|Any CPU.Build.0 = Debug|Any CPU
		{D1718F26-00EF-4028-8EE5-30AE2AC1E1F4}.Release|Any CPU.ActiveCfg = Release|Any CPU
		{D1718F26-00EF-4028-8EE5-30AE2AC1E1F4}.Release|Any CPU.Build.0 = Release|Any CPU
		{CDB5AE23-D442-44DF-93E2-9B539AEC324F}.Debug|Any CPU.ActiveCfg = Debug|Any CPU
		{CDB5AE23-D442-44DF-93E2-9B539AEC324F}.Debug|Any CPU.Build.0 = Debug|Any CPU
		{CDB5AE23-D442-44DF-93E2-9B539AEC324F}.Release|Any CPU.ActiveCfg = Release|Any CPU
		{CDB5AE23-D442-44DF-93E2-9B539AEC324F}.Release|Any CPU.Build.0 = Release|Any CPU
		{AEF39310-B13F-4E7B-A634-BB1AA33A76F9}.Debug|Any CPU.ActiveCfg = Debug|Any CPU
		{AEF39310-B13F-4E7B-A634-BB1AA33A76F9}.Debug|Any CPU.Build.0 = Debug|Any CPU
		{AEF39310-B13F-4E7B-A634-BB1AA33A76F9}.Release|Any CPU.ActiveCfg = Release|Any CPU
		{AEF39310-B13F-4E7B-A634-BB1AA33A76F9}.Release|Any CPU.Build.0 = Release|Any CPU
		{E75CBD65-03C7-4B36-AC98-84E18345081E}.Debug|Any CPU.ActiveCfg = Debug|Any CPU
		{E75CBD65-03C7-4B36-AC98-84E18345081E}.Debug|Any CPU.Build.0 = Debug|Any CPU
		{E75CBD65-03C7-4B36-AC98-84E18345081E}.Release|Any CPU.ActiveCfg = Release|Any CPU
		{E75CBD65-03C7-4B36-AC98-84E18345081E}.Release|Any CPU.Build.0 = Release|Any CPU
		{89E6A195-EA5C-4B1D-AF1B-3A536A130D8F}.Debug|Any CPU.ActiveCfg = Debug|Any CPU
		{89E6A195-EA5C-4B1D-AF1B-3A536A130D8F}.Debug|Any CPU.Build.0 = Debug|Any CPU
		{89E6A195-EA5C-4B1D-AF1B-3A536A130D8F}.Release|Any CPU.ActiveCfg = Release|Any CPU
		{89E6A195-EA5C-4B1D-AF1B-3A536A130D8F}.Release|Any CPU.Build.0 = Release|Any CPU
		{31E4F2B3-F96C-42FF-8469-AF054D72BD42}.Debug|Any CPU.ActiveCfg = Debug|Any CPU
		{31E4F2B3-F96C-42FF-8469-AF054D72BD42}.Debug|Any CPU.Build.0 = Debug|Any CPU
		{31E4F2B3-F96C-42FF-8469-AF054D72BD42}.Release|Any CPU.ActiveCfg = Release|Any CPU
		{31E4F2B3-F96C-42FF-8469-AF054D72BD42}.Release|Any CPU.Build.0 = Release|Any CPU
	EndGlobalSection
	GlobalSection(SolutionProperties) = preSolution
		HideSolutionNode = FALSE
	EndGlobalSection
	GlobalSection(NestedProjects) = preSolution
		{A8EFE6A2-03E0-485F-AF2B-48B2CEEAC574} = {AB98DADC-C360-4E61-887F-7DA3C916FAD2}
		{2F8296A4-B52A-443B-BD61-6F7A0413C0EF} = {AB98DADC-C360-4E61-887F-7DA3C916FAD2}
		{87CE44ED-BA78-4423-89BE-7DBCB9D59DDF} = {AB98DADC-C360-4E61-887F-7DA3C916FAD2}
		{1E0FD72E-50FE-4D10-BF0E-81A3EC66B6EE} = {A8EFE6A2-03E0-485F-AF2B-48B2CEEAC574}
		{4093D781-3F55-4763-B923-1BD8000A7DF7} = {A8EFE6A2-03E0-485F-AF2B-48B2CEEAC574}
		{9CD70DE2-3448-4091-BD04-542600F66AB6} = {A8EFE6A2-03E0-485F-AF2B-48B2CEEAC574}
		{43B5C384-D6D1-47F4-B014-63259C342F7A} = {1E0FD72E-50FE-4D10-BF0E-81A3EC66B6EE}
		{E00AD482-8D35-4D6E-8214-578B917E2682} = {1E0FD72E-50FE-4D10-BF0E-81A3EC66B6EE}
		{CAC4D74D-B588-4BAF-9FB7-CEEF15E6CDA9} = {1E0FD72E-50FE-4D10-BF0E-81A3EC66B6EE}
		{96FAA25C-0A9E-41E3-8BC6-D9D961898A27} = {74A7CADD-909A-4DC5-B3F6-00DD11E8A977}
		{E1911624-D4B8-4F77-9D77-56C3B93197B1} = {87CE44ED-BA78-4423-89BE-7DBCB9D59DDF}
		{74A7CADD-909A-4DC5-B3F6-00DD11E8A977} = {1E0FD72E-50FE-4D10-BF0E-81A3EC66B6EE}
		{1CFAF89B-C672-42D5-930E-5486504B50A4} = {4093D781-3F55-4763-B923-1BD8000A7DF7}
		{4922FBE0-86F5-42B7-B2A6-7DC311BB0EC8} = {4093D781-3F55-4763-B923-1BD8000A7DF7}
		{D1718F26-00EF-4028-8EE5-30AE2AC1E1F4} = {9CD70DE2-3448-4091-BD04-542600F66AB6}
		{CDB5AE23-D442-44DF-93E2-9B539AEC324F} = {9CD70DE2-3448-4091-BD04-542600F66AB6}
		{AEF39310-B13F-4E7B-A634-BB1AA33A76F9} = {9CD70DE2-3448-4091-BD04-542600F66AB6}
		{F4F6F01A-46D1-4B79-9CA7-F593D61B48C1} = {9CD70DE2-3448-4091-BD04-542600F66AB6}
		{E75CBD65-03C7-4B36-AC98-84E18345081E} = {F4F6F01A-46D1-4B79-9CA7-F593D61B48C1}
		{89E6A195-EA5C-4B1D-AF1B-3A536A130D8F} = {F4F6F01A-46D1-4B79-9CA7-F593D61B48C1}
		{31E4F2B3-F96C-42FF-8469-AF054D72BD42} = {74A7CADD-909A-4DC5-B3F6-00DD11E8A977}
	EndGlobalSection
	GlobalSection(ExtensibilityGlobals) = postSolution
		SolutionGuid = {BDAC7526-4F78-49C0-BF45-FBFFFCF36B72}
	EndGlobalSection
EndGlobal
